{
  "version": 4,
  "terraform_version": "1.2.5",
  "serial": 115,
  "lineage": "43dca31a-dbce-6bbe-a2f0-f675128caa30",
  "outputs": {},
  "resources": [
    {
      "mode": "managed",
      "type": "yandex_storage_bucket",
      "name": "s3",
      "provider": "provider[\"registry.terraform.io/yandex-cloud/yandex\"]",
      "instances": [
        {
          "schema_version": 0,
          "attributes": {
            "access_key": "",
            "acl": "private",
            "anonymous_access_flags": [
              {
                "list": false,
                "read": false
              }
            ],
            "bucket": "dos",
            "bucket_domain_name": "dos.storage.yandexcloud.net",
            "bucket_prefix": null,
            "cors_rule": [],
            "default_storage_class": "STANDARD",
            "folder_id": "b1gor3n8jb0hhgr1t7qd",
            "force_destroy": true,
            "grant": [],
            "https": [],
            "id": "dos",
            "lifecycle_rule": [],
            "logging": [],
            "max_size": 0,
            "policy": "",
            "secret_key": "",
            "server_side_encryption_configuration": [],
            "versioning": [
              {
                "enabled": false
              }
            ],
            "website": [],
            "website_domain": null,
            "website_endpoint": null
          },
          "sensitive_attributes": [],
          "private": "bnVsbA=="
        }
      ]
    }
  ]
}
